
Microsoft Visual Studio Solution File, Format Version 12.00
# Visual Studio Version 16
VisualStudioVersion = 16.0.31515.178
MinimumVisualStudioVersion = 10.0.40219.1
Project("{FAE04EC0-301F-11D3-BF4B-00C04F79EFBC}") = "MyGarage", "MyGarage\MyGarage.csproj", "{D4E5655E-E90D-4E01-80C6-7F65FE23FBF4}"
EndProject
Global
	GlobalSection(SolutionConfigurationPlatforms) = preSolution
		Debug|Any CPU = Debug|Any CPU
		Release|Any CPU = Release|Any CPU
	EndGlobalSection
	GlobalSection(ProjectConfigurationPlatforms) = postSolution
		{D4E5655E-E90D-4E01-80C6-7F65FE23FBF4}.Debug|Any CPU.ActiveCfg = Debug|Any CPU
		{D4E5655E-E90D-4E01-80C6-7F65FE23FBF4}.Debug|Any CPU.Build.0 = Debug|Any CPU
		{D4E5655E-E90D-4E01-80C6-7F65FE23FBF4}.Release|Any CPU.ActiveCfg = Release|Any CPU
		{D4E5655E-E90D-4E01-80C6-7F65FE23FBF4}.Release|Any CPU.Build.0 = Release|Any CPU
	EndGlobalSection
	GlobalSection(SolutionProperties) = preSolution
		HideSolutionNode = FALSE
	EndGlobalSection
	GlobalSection(ExtensibilityGlobals) = postSolution
		SolutionGuid = {D88DD2B7-3A9A-4907-B3FF-4ACF60EC914E}
	EndGlobalSection
EndGlobal
